
Microsoft Visual Studio Solution File, Format Version 12.00
# Visual Studio Version 17
VisualStudioVersion = 17.2.32616.157
MinimumVisualStudioVersion = 10.0.40219.1
Project("{FAE04EC0-301F-11D3-BF4B-00C04F79EFBC}") = "2_Gun", "2_Gun\2_Gun.csproj", "{032D5C10-BE6F-485C-B315-A4AE219433CE}"
EndProject
Project("{FAE04EC0-301F-11D3-BF4B-00C04F79EFBC}") = "Matematik_Gun2", "Matematik\Matematik_Gun2.csproj", "{99B9E79A-1F3D-4AE2-B273-BE98B00F1331}"
EndProject
Project("{FAE04EC0-301F-11D3-BF4B-00C04F79EFBC}") = "Deger_Ve_ReferansTipler", "Deger_Ve_ReferansTipler\Deger_Ve_ReferansTipler.csproj", "{FE04FB93-5612-4F34-BEAC-726D6779EA79}"
EndProject
Project("{FAE04EC0-301F-11D3-BF4B-00C04F79EFBC}") = "WorkToDay_2", "WorkToDay2\WorkToDay_2.csproj", "{2327BD81-4B0C-4017-98A3-986B99787C40}"
EndProject
Project("{FAE04EC0-301F-11D3-BF4B-00C04F79EFBC}") = "3_Gun_OOP", "3_Gun\3_Gun_OOP.csproj", "{59F66A2A-8E5A-4079-81E4-45EC710444F5}"
EndProject
Project("{FAE04EC0-301F-11D3-BF4B-00C04F79EFBC}") = "Collections_3", "Collections_3\Collections_3.csproj", "{8552BE25-F74B-4127-A52C-FA1245EADB37}"
EndProject
Project("{FAE04EC0-301F-11D3-BF4B-00C04F79EFBC}") = "GenericsIntro_3", "GenericsIntro_3\GenericsIntro_3.csproj", "{EA52F674-6D51-428B-9B50-FE24A95D8681}"
EndProject
Project("{FAE04EC0-301F-11D3-BF4B-00C04F79EFBC}") = "Constructor_Last_Again", "Constructor_Last_Again\Constructor_Last_Again.csproj", "{A0704A1F-DB40-4B5C-ABCD-DC5E12EE5F01}"
EndProject
Project("{FAE04EC0-301F-11D3-BF4B-00C04F79EFBC}") = "Dictionary", "Dictionary\Dictionary.csproj", "{E0C06653-1E48-4847-9940-6FF8769F46B1}"
EndProject
Project("{FAE04EC0-301F-11D3-BF4B-00C04F79EFBC}") = "Object_Oriented_Programing4", "Object_Oriented_Programing4\Object_Oriented_Programing4.csproj", "{DE0FD706-24D5-482B-9E78-3057200AFD63}"
EndProject
Project("{FAE04EC0-301F-11D3-BF4B-00C04F79EFBC}") = "OOP2_4Day", "OOP2_4Day\OOP2_4Day.csproj", "{A97006CA-81B0-4E00-9658-C9646BC735B3}"
EndProject
Project("{FAE04EC0-301F-11D3-BF4B-00C04F79EFBC}") = "Classes", "Classes\Classes.csproj", "{BD92BD25-EB56-4B86-BDAB-ADABC7A79F3B}"
EndProject
Project("{9A19103F-16F7-4668-BE54-9A1E7A4F7556}") = "ReCapDemo1", "ReCapDemo1\ReCapDemo1.csproj", "{EFA088BB-269F-47AE-A399-AC679859135E}"
EndProject
Project("{FAE04EC0-301F-11D3-BF4B-00C04F79EFBC}") = "Interfaces", "Interfaces\Interfaces.csproj", "{871A03B9-9A1A-479B-AD1F-329BAC1D5BFC}"
EndProject
Project("{FAE04EC0-301F-11D3-BF4B-00C04F79EFBC}") = "Multi_Inheritance(Interface Segregation)", "Multi_Inheritance\Multi_Inheritance(Interface Segregation).csproj", "{BFECBFF6-EBFA-490C-B6FD-21763909BEB1}"
EndProject
Project("{FAE04EC0-301F-11D3-BF4B-00C04F79EFBC}") = "Inheritance", "Inheritance\Inheritance.csproj", "{82BCFF73-5092-4B6B-93F2-95F4EACE7733}"
EndProject
Project("{FAE04EC0-301F-11D3-BF4B-00C04F79EFBC}") = "DotNetWithSql", "DotNetWithSql\DotNetWithSql.csproj", "{2EA5AD18-F3EC-440F-9F22-31D67F3B3B26}"
EndProject
Project("{FAE04EC0-301F-11D3-BF4B-00C04F79EFBC}") = "LINQ_6day", "LINQ_6day\LINQ_6day.csproj", "{3240F916-C8E2-485E-A04A-49C5FB28C366}"
EndProject
Global
	GlobalSection(SolutionConfigurationPlatforms) = preSolution
		Debug|Any CPU = Debug|Any CPU
		Release|Any CPU = Release|Any CPU
	EndGlobalSection
	GlobalSection(ProjectConfigurationPlatforms) = postSolution
		{032D5C10-BE6F-485C-B315-A4AE219433CE}.Debug|Any CPU.ActiveCfg = Debug|Any CPU
		{032D5C10-BE6F-485C-B315-A4AE219433CE}.Debug|Any CPU.Build.0 = Debug|Any CPU
		{032D5C10-BE6F-485C-B315-A4AE219433CE}.Release|Any CPU.ActiveCfg = Release|Any CPU
		{032D5C10-BE6F-485C-B315-A4AE219433CE}.Release|Any CPU.Build.0 = Release|Any CPU
		{99B9E79A-1F3D-4AE2-B273-BE98B00F1331}.Debug|Any CPU.ActiveCfg = Debug|Any CPU
		{99B9E79A-1F3D-4AE2-B273-BE98B00F1331}.Debug|Any CPU.Build.0 = Debug|Any CPU
		{99B9E79A-1F3D-4AE2-B273-BE98B00F1331}.Release|Any CPU.ActiveCfg = Release|Any CPU
		{99B9E79A-1F3D-4AE2-B273-BE98B00F1331}.Release|Any CPU.Build.0 = Release|Any CPU
		{FE04FB93-5612-4F34-BEAC-726D6779EA79}.Debug|Any CPU.ActiveCfg = Debug|Any CPU
		{FE04FB93-5612-4F34-BEAC-726D6779EA79}.Debug|Any CPU.Build.0 = Debug|Any CPU
		{FE04FB93-5612-4F34-BEAC-726D6779EA79}.Release|Any CPU.ActiveCfg = Release|Any CPU
		{FE04FB93-5612-4F34-BEAC-726D6779EA79}.Release|Any CPU.Build.0 = Release|Any CPU
		{2327BD81-4B0C-4017-98A3-986B99787C40}.Debug|Any CPU.ActiveCfg = Debug|Any CPU
		{2327BD81-4B0C-4017-98A3-986B99787C40}.Debug|Any CPU.Build.0 = Debug|Any CPU
		{2327BD81-4B0C-4017-98A3-986B99787C40}.Release|Any CPU.ActiveCfg = Release|Any CPU
		{2327BD81-4B0C-4017-98A3-986B99787C40}.Release|Any CPU.Build.0 = Release|Any CPU
		{59F66A2A-8E5A-4079-81E4-45EC710444F5}.Debug|Any CPU.ActiveCfg = Debug|Any CPU
		{59F66A2A-8E5A-4079-81E4-45EC710444F5}.Debug|Any CPU.Build.0 = Debug|Any CPU
		{59F66A2A-8E5A-4079-81E4-45EC710444F5}.Release|Any CPU.ActiveCfg = Release|Any CPU
		{59F66A2A-8E5A-4079-81E4-45EC710444F5}.Release|Any CPU.Build.0 = Release|Any CPU
		{8552BE25-F74B-4127-A52C-FA1245EADB37}.Debug|Any CPU.ActiveCfg = Debug|Any CPU
		{8552BE25-F74B-4127-A52C-FA1245EADB37}.Debug|Any CPU.Build.0 = Debug|Any CPU
		{8552BE25-F74B-4127-A52C-FA1245EADB37}.Release|Any CPU.ActiveCfg = Release|Any CPU
		{8552BE25-F74B-4127-A52C-FA1245EADB37}.Release|Any CPU.Build.0 = Release|Any CPU
		{EA52F674-6D51-428B-9B50-FE24A95D8681}.Debug|Any CPU.ActiveCfg = Debug|Any CPU
		{EA52F674-6D51-428B-9B50-FE24A95D8681}.Debug|Any CPU.Build.0 = Debug|Any CPU
		{EA52F674-6D51-428B-9B50-FE24A95D8681}.Release|Any CPU.ActiveCfg = Release|Any CPU
		{EA52F674-6D51-428B-9B50-FE24A95D8681}.Release|Any CPU.Build.0 = Release|Any CPU
		{A0704A1F-DB40-4B5C-ABCD-DC5E12EE5F01}.Debug|Any CPU.ActiveCfg = Debug|Any CPU
		{A0704A1F-DB40-4B5C-ABCD-DC5E12EE5F01}.Debug|Any CPU.Build.0 = Debug|Any CPU
		{A0704A1F-DB40-4B5C-ABCD-DC5E12EE5F01}.Release|Any CPU.ActiveCfg = Release|Any CPU
		{A0704A1F-DB40-4B5C-ABCD-DC5E12EE5F01}.Release|Any CPU.Build.0 = Release|Any CPU
		{E0C06653-1E48-4847-9940-6FF8769F46B1}.Debug|Any CPU.ActiveCfg = Debug|Any CPU
		{E0C06653-1E48-4847-9940-6FF8769F46B1}.Debug|Any CPU.Build.0 = Debug|Any CPU
		{E0C06653-1E48-4847-9940-6FF8769F46B1}.Release|Any CPU.ActiveCfg = Release|Any CPU
		{E0C06653-1E48-4847-9940-6FF8769F46B1}.Release|Any CPU.Build.0 = Release|Any CPU
		{DE0FD706-24D5-482B-9E78-3057200AFD63}.Debug|Any CPU.ActiveCfg = Debug|Any CPU
		{DE0FD706-24D5-482B-9E78-3057200AFD63}.Debug|Any CPU.Build.0 = Debug|Any CPU
		{DE0FD706-24D5-482B-9E78-3057200AFD63}.Release|Any CPU.ActiveCfg = Release|Any CPU
		{DE0FD706-24D5-482B-9E78-3057200AFD63}.Release|Any CPU.Build.0 = Release|Any CPU
		{A97006CA-81B0-4E00-9658-C9646BC735B3}.Debug|Any CPU.ActiveCfg = Debug|Any CPU
		{A97006CA-81B0-4E00-9658-C9646BC735B3}.Debug|Any CPU.Build.0 = Debug|Any CPU
		{A97006CA-81B0-4E00-9658-C9646BC735B3}.Release|Any CPU.ActiveCfg = Release|Any CPU
		{A97006CA-81B0-4E00-9658-C9646BC735B3}.Release|Any CPU.Build.0 = Release|Any CPU
		{BD92BD25-EB56-4B86-BDAB-ADABC7A79F3B}.Debug|Any CPU.ActiveCfg = Debug|Any CPU
		{BD92BD25-EB56-4B86-BDAB-ADABC7A79F3B}.Debug|Any CPU.Build.0 = Debug|Any CPU
		{BD92BD25-EB56-4B86-BDAB-ADABC7A79F3B}.Release|Any CPU.ActiveCfg = Release|Any CPU
		{BD92BD25-EB56-4B86-BDAB-ADABC7A79F3B}.Release|Any CPU.Build.0 = Release|Any CPU
		{EFA088BB-269F-47AE-A399-AC679859135E}.Debug|Any CPU.ActiveCfg = Debug|Any CPU
		{EFA088BB-269F-47AE-A399-AC679859135E}.Debug|Any CPU.Build.0 = Debug|Any CPU
		{EFA088BB-269F-47AE-A399-AC679859135E}.Release|Any CPU.ActiveCfg = Release|Any CPU
		{EFA088BB-269F-47AE-A399-AC679859135E}.Release|Any CPU.Build.0 = Release|Any CPU
		{871A03B9-9A1A-479B-AD1F-329BAC1D5BFC}.Debug|Any CPU.ActiveCfg = Debug|Any CPU
		{871A03B9-9A1A-479B-AD1F-329BAC1D5BFC}.Debug|Any CPU.Build.0 = Debug|Any CPU
		{871A03B9-9A1A-479B-AD1F-329BAC1D5BFC}.Release|Any CPU.ActiveCfg = Release|Any CPU
		{871A03B9-9A1A-479B-AD1F-329BAC1D5BFC}.Release|Any CPU.Build.0 = Release|Any CPU
		{BFECBFF6-EBFA-490C-B6FD-21763909BEB1}.Debug|Any CPU.ActiveCfg = Debug|Any CPU
		{BFECBFF6-EBFA-490C-B6FD-21763909BEB1}.Debug|Any CPU.Build.0 = Debug|Any CPU
		{BFECBFF6-EBFA-490C-B6FD-21763909BEB1}.Release|Any CPU.ActiveCfg = Release|Any CPU
		{BFECBFF6-EBFA-490C-B6FD-21763909BEB1}.Release|Any CPU.Build.0 = Release|Any CPU
		{82BCFF73-5092-4B6B-93F2-95F4EACE7733}.Debug|Any CPU.ActiveCfg = Debug|Any CPU
		{82BCFF73-5092-4B6B-93F2-95F4EACE7733}.Debug|Any CPU.Build.0 = Debug|Any CPU
		{82BCFF73-5092-4B6B-93F2-95F4EACE7733}.Release|Any CPU.ActiveCfg = Release|Any CPU
		{82BCFF73-5092-4B6B-93F2-95F4EACE7733}.Release|Any CPU.Build.0 = Release|Any CPU
		{2EA5AD18-F3EC-440F-9F22-31D67F3B3B26}.Debug|Any CPU.ActiveCfg = Debug|Any CPU
		{2EA5AD18-F3EC-440F-9F22-31D67F3B3B26}.Debug|Any CPU.Build.0 = Debug|Any CPU
		{2EA5AD18-F3EC-440F-9F22-31D67F3B3B26}.Release|Any CPU.ActiveCfg = Release|Any CPU
		{2EA5AD18-F3EC-440F-9F22-31D67F3B3B26}.Release|Any CPU.Build.0 = Release|Any CPU
		{3240F916-C8E2-485E-A04A-49C5FB28C366}.Debug|Any CPU.ActiveCfg = Debug|Any CPU
		{3240F916-C8E2-485E-A04A-49C5FB28C366}.Debug|Any CPU.Build.0 = Debug|Any CPU
		{3240F916-C8E2-485E-A04A-49C5FB28C366}.Release|Any CPU.ActiveCfg = Release|Any CPU
		{3240F916-C8E2-485E-A04A-49C5FB28C366}.Release|Any CPU.Build.0 = Release|Any CPU
	EndGlobalSection
	GlobalSection(SolutionProperties) = preSolution
		HideSolutionNode = FALSE
	EndGlobalSection
	GlobalSection(ExtensibilityGlobals) = postSolution
		SolutionGuid = {FC8848E3-2DDD-4295-9226-7F6F53704F0B}
	EndGlobalSection
EndGlobal
